
Microsoft Visual Studio Solution File, Format Version 12.00
# Visual Studio Version 17
VisualStudioVersion = 17.2.32616.157
MinimumVisualStudioVersion = 10.0.40219.1
Project("{9A19103F-16F7-4668-BE54-9A1E7A4F7556}") = "_Hello World", "Hello World\_Hello World.csproj", "{E6F8A689-5D64-47A1-A21C-BBEB59627A8C}"
EndProject
Project("{9A19103F-16F7-4668-BE54-9A1E7A4F7556}") = "Ex01", "Ex1\Ex01.csproj", "{76FCC7D3-E9FA-4AC4-9ED3-1A51CC4984D0}"
EndProject
Project("{9A19103F-16F7-4668-BE54-9A1E7A4F7556}") = "gas station", "playground\gas station.csproj", "{CC91CB67-47C2-410C-8D1F-F21A88A7C060}"
EndProject
Project("{9A19103F-16F7-4668-BE54-9A1E7A4F7556}") = "Ex02", "Ex02\Ex02.csproj", "{E8E07C27-E706-4265-B14E-692AACE2C1E2}"
EndProject
Project("{FAE04EC0-301F-11D3-BF4B-00C04F79EFBC}") = "Ex03", "Ex03\Ex03.csproj", "{EDDE9F10-EDBE-4681-AD53-7884D4635299}"
EndProject
Project("{FAE04EC0-301F-11D3-BF4B-00C04F79EFBC}") = "Ex04", "Ex04\Ex04.csproj", "{798190CC-CB05-4146-A850-5C03DD3242B2}"
EndProject
Project("{FAE04EC0-301F-11D3-BF4B-00C04F79EFBC}") = "Ex05", "Ex05\Ex05.csproj", "{0200FBEF-E52D-49E2-AF24-44618222E48E}"
EndProject
Project("{FAE04EC0-301F-11D3-BF4B-00C04F79EFBC}") = "Ex06", "Ex06\Ex06.csproj", "{01294299-880F-4C8D-9DDF-8915648DC751}"
EndProject
Project("{FAE04EC0-301F-11D3-BF4B-00C04F79EFBC}") = "Ex07", "Ex07\Ex07.csproj", "{C422EBD6-42EF-49F9-AF41-7B390CA4E75D}"
EndProject
Global
	GlobalSection(SolutionConfigurationPlatforms) = preSolution
		Debug|Any CPU = Debug|Any CPU
		Release|Any CPU = Release|Any CPU
	EndGlobalSection
	GlobalSection(ProjectConfigurationPlatforms) = postSolution
		{E6F8A689-5D64-47A1-A21C-BBEB59627A8C}.Debug|Any CPU.ActiveCfg = Debug|Any CPU
		{E6F8A689-5D64-47A1-A21C-BBEB59627A8C}.Debug|Any CPU.Build.0 = Debug|Any CPU
		{E6F8A689-5D64-47A1-A21C-BBEB59627A8C}.Release|Any CPU.ActiveCfg = Release|Any CPU
		{E6F8A689-5D64-47A1-A21C-BBEB59627A8C}.Release|Any CPU.Build.0 = Release|Any CPU
		{76FCC7D3-E9FA-4AC4-9ED3-1A51CC4984D0}.Debug|Any CPU.ActiveCfg = Debug|Any CPU
		{76FCC7D3-E9FA-4AC4-9ED3-1A51CC4984D0}.Debug|Any CPU.Build.0 = Debug|Any CPU
		{76FCC7D3-E9FA-4AC4-9ED3-1A51CC4984D0}.Release|Any CPU.ActiveCfg = Release|Any CPU
		{76FCC7D3-E9FA-4AC4-9ED3-1A51CC4984D0}.Release|Any CPU.Build.0 = Release|Any CPU
		{CC91CB67-47C2-410C-8D1F-F21A88A7C060}.Debug|Any CPU.ActiveCfg = Debug|Any CPU
		{CC91CB67-47C2-410C-8D1F-F21A88A7C060}.Debug|Any CPU.Build.0 = Debug|Any CPU
		{CC91CB67-47C2-410C-8D1F-F21A88A7C060}.Release|Any CPU.ActiveCfg = Release|Any CPU
		{CC91CB67-47C2-410C-8D1F-F21A88A7C060}.Release|Any CPU.Build.0 = Release|Any CPU
		{E8E07C27-E706-4265-B14E-692AACE2C1E2}.Debug|Any CPU.ActiveCfg = Debug|Any CPU
		{E8E07C27-E706-4265-B14E-692AACE2C1E2}.Debug|Any CPU.Build.0 = Debug|Any CPU
		{E8E07C27-E706-4265-B14E-692AACE2C1E2}.Release|Any CPU.ActiveCfg = Release|Any CPU
		{E8E07C27-E706-4265-B14E-692AACE2C1E2}.Release|Any CPU.Build.0 = Release|Any CPU
		{EDDE9F10-EDBE-4681-AD53-7884D4635299}.Debug|Any CPU.ActiveCfg = Debug|Any CPU
		{EDDE9F10-EDBE-4681-AD53-7884D4635299}.Debug|Any CPU.Build.0 = Debug|Any CPU
		{EDDE9F10-EDBE-4681-AD53-7884D4635299}.Release|Any CPU.ActiveCfg = Release|Any CPU
		{EDDE9F10-EDBE-4681-AD53-7884D4635299}.Release|Any CPU.Build.0 = Release|Any CPU
		{798190CC-CB05-4146-A850-5C03DD3242B2}.Debug|Any CPU.ActiveCfg = Debug|Any CPU
		{798190CC-CB05-4146-A850-5C03DD3242B2}.Debug|Any CPU.Build.0 = Debug|Any CPU
		{798190CC-CB05-4146-A850-5C03DD3242B2}.Release|Any CPU.ActiveCfg = Release|Any CPU
		{798190CC-CB05-4146-A850-5C03DD3242B2}.Release|Any CPU.Build.0 = Release|Any CPU
		{0200FBEF-E52D-49E2-AF24-44618222E48E}.Debug|Any CPU.ActiveCfg = Debug|Any CPU
		{0200FBEF-E52D-49E2-AF24-44618222E48E}.Debug|Any CPU.Build.0 = Debug|Any CPU
		{0200FBEF-E52D-49E2-AF24-44618222E48E}.Release|Any CPU.ActiveCfg = Release|Any CPU
		{0200FBEF-E52D-49E2-AF24-44618222E48E}.Release|Any CPU.Build.0 = Release|Any CPU
		{01294299-880F-4C8D-9DDF-8915648DC751}.Debug|Any CPU.ActiveCfg = Debug|Any CPU
		{01294299-880F-4C8D-9DDF-8915648DC751}.Debug|Any CPU.Build.0 = Debug|Any CPU
		{01294299-880F-4C8D-9DDF-8915648DC751}.Release|Any CPU.ActiveCfg = Release|Any CPU
		{01294299-880F-4C8D-9DDF-8915648DC751}.Release|Any CPU.Build.0 = Release|Any CPU
		{C422EBD6-42EF-49F9-AF41-7B390CA4E75D}.Debug|Any CPU.ActiveCfg = Debug|Any CPU
		{C422EBD6-42EF-49F9-AF41-7B390CA4E75D}.Debug|Any CPU.Build.0 = Debug|Any CPU
		{C422EBD6-42EF-49F9-AF41-7B390CA4E75D}.Release|Any CPU.ActiveCfg = Release|Any CPU
		{C422EBD6-42EF-49F9-AF41-7B390CA4E75D}.Release|Any CPU.Build.0 = Release|Any CPU
	EndGlobalSection
	GlobalSection(SolutionProperties) = preSolution
		HideSolutionNode = FALSE
	EndGlobalSection
	GlobalSection(ExtensibilityGlobals) = postSolution
		SolutionGuid = {C82DC90E-B444-437C-A157-8A15F584C840}
	EndGlobalSection
EndGlobal
