
Microsoft Visual Studio Solution File, Format Version 12.00
# Visual Studio Version 17
VisualStudioVersion = 17.2.32616.157
MinimumVisualStudioVersion = 10.0.40219.1
Project("{9A19103F-16F7-4668-BE54-9A1E7A4F7556}") = "_Hello World", "Hello World\_Hello World.csproj", "{E6F8A689-5D64-47A1-A21C-BBEB59627A8C}"
EndProject
Project("{9A19103F-16F7-4668-BE54-9A1E7A4F7556}") = "Ex01", "Ex1\Ex01.csproj", "{76FCC7D3-E9FA-4AC4-9ED3-1A51CC4984D0}"
EndProject
Project("{9A19103F-16F7-4668-BE54-9A1E7A4F7556}") = "gas station", "playground\gas station.csproj", "{CC91CB67-47C2-410C-8D1F-F21A88A7C060}"
EndProject
Project("{9A19103F-16F7-4668-BE54-9A1E7A4F7556}") = "Ex02", "Ex02\Ex02.csproj", "{E8E07C27-E706-4265-B14E-692AACE2C1E2}"
EndProject
Project("{FAE04EC0-301F-11D3-BF4B-00C04F79EFBC}") = "Ex03", "Ex03\Ex03.csproj", "{EDDE9F10-EDBE-4681-AD53-7884D4635299}"
EndProject
Project("{FAE04EC0-301F-11D3-BF4B-00C04F79EFBC}") = "Ex04", "Ex04\Ex04.csproj", "{798190CC-CB05-4146-A850-5C03DD3242B2}"
EndProject
Project("{FAE04EC0-301F-11D3-BF4B-00C04F79EFBC}") = "Ex05", "Ex05\Ex05.csproj", "{0200FBEF-E52D-49E2-AF24-44618222E48E}"
EndProject
Project("{FAE04EC0-301F-11D3-BF4B-00C04F79EFBC}") = "Ex06", "Ex06\Ex06.csproj", "{01294299-880F-4C8D-9DDF-8915648DC751}"
EndProject
Project("{FAE04EC0-301F-11D3-BF4B-00C04F79EFBC}") = "Ex07", "Ex07\Ex07.csproj", "{C422EBD6-42EF-49F9-AF41-7B390CA4E75D}"
EndProject
Project("{9A19103F-16F7-4668-BE54-9A1E7A4F7556}") = "Ex triangulo", "Ex triangulo\Ex triangulo.csproj", "{64832348-B2CB-41B7-91BD-C5674F872C5F}"
EndProject
Project("{9A19103F-16F7-4668-BE54-9A1E7A4F7556}") = "Ex calculadora", "Ex calculadora\Ex calculadora.csproj", "{57A6C9B5-25BF-4F3F-B782-2DE697E51ECD}"
EndProject
Project("{9A19103F-16F7-4668-BE54-9A1E7A4F7556}") = "Ex11", "Ex 11\Ex11.csproj", "{646E67EE-5480-4877-B558-E84F978FCB6A}"
EndProject
Project("{9A19103F-16F7-4668-BE54-9A1E7A4F7556}") = "Ex12", "Ex12\Ex12.csproj", "{EA5E9CEC-5101-479E-98DD-3E3603DFFB8B}"
EndProject
Project("{9A19103F-16F7-4668-BE54-9A1E7A4F7556}") = "Ex13", "Ex13\Ex13.csproj", "{C4D1D93D-4C6C-42D5-9DE6-81490D15EC3D}"
EndProject
Project("{9A19103F-16F7-4668-BE54-9A1E7A4F7556}") = "Ex14", "Ex14\Ex14.csproj", "{ED41CC28-1E13-4BC5-8542-EE3A33ACFD48}"
EndProject
Project("{9A19103F-16F7-4668-BE54-9A1E7A4F7556}") = "Ex15", "Ex15\Ex15.csproj", "{2493D331-FD64-4152-AC41-8F1BABA7D4ED}"
EndProject
Project("{9A19103F-16F7-4668-BE54-9A1E7A4F7556}") = "Ex16", "Ex16\Ex16.csproj", "{DC46AB59-619C-4CB7-B727-5D125FE74F99}"
EndProject
Project("{9A19103F-16F7-4668-BE54-9A1E7A4F7556}") = "Ex17", "Ex17\Ex17.csproj", "{97B16331-ED12-415A-9552-EEB2C4DB684D}"
EndProject
Project("{9A19103F-16F7-4668-BE54-9A1E7A4F7556}") = "Ex18", "Ex18\Ex18.csproj", "{4618A9FD-B3D1-4FF0-A10F-DAF26B04EE86}"
EndProject
Project("{9A19103F-16F7-4668-BE54-9A1E7A4F7556}") = "Ex19", "Ex19\Ex19.csproj", "{1CC7E779-B0A9-4BFE-9D86-4FEE402CAE65}"
EndProject
Project("{9A19103F-16F7-4668-BE54-9A1E7A4F7556}") = "Ex20", "Ex20\Ex20.csproj", "{CBCC4C40-02A0-4A4A-A7CA-9B762CA281CA}"
EndProject
Project("{9A19103F-16F7-4668-BE54-9A1E7A4F7556}") = "Ex21", "Ex21\Ex21.csproj", "{6DD4A0F4-5BCF-4B2E-A5B2-C15D618AF265}"
EndProject
Project("{9A19103F-16F7-4668-BE54-9A1E7A4F7556}") = "Ex22", "Ex22\Ex22.csproj", "{DB34D974-529E-485A-8B27-E2A0F760ABC3}"
EndProject
Project("{9A19103F-16F7-4668-BE54-9A1E7A4F7556}") = "Ex23", "Ex23\Ex23.csproj", "{06489476-34C5-4DE0-B862-FBCD3D9C84BC}"
EndProject
Project("{9A19103F-16F7-4668-BE54-9A1E7A4F7556}") = "Ex24", "Ex24\Ex24.csproj", "{30B4B668-E7BB-4552-9CDA-49D02AEF561F}"
EndProject
Project("{9A19103F-16F7-4668-BE54-9A1E7A4F7556}") = "Ex25", "Ex25\Ex25.csproj", "{907F8F18-6248-4216-B991-E9A4842A4BBB}"
EndProject
Project("{9A19103F-16F7-4668-BE54-9A1E7A4F7556}") = "Ex26", "Ex26\Ex26.csproj", "{8B3E8C49-D91F-4C38-8BFD-B673DA6112BE}"
EndProject
Project("{9A19103F-16F7-4668-BE54-9A1E7A4F7556}") = "Ex27", "Ex27\Ex27.csproj", "{DD6BE902-91D2-4B6C-89B8-9A4F942556DE}"
EndProject
Project("{FAE04EC0-301F-11D3-BF4B-00C04F79EFBC}") = "Ex28", "Ex28\Ex28.csproj", "{49F26BB8-5AB9-4DDB-8088-145F91ADB60D}"
EndProject
Project("{FAE04EC0-301F-11D3-BF4B-00C04F79EFBC}") = "Ex29", "Ex29\Ex29.csproj", "{2AE68FF4-AA33-42DE-8693-69798D59AD4B}"
EndProject
Project("{FAE04EC0-301F-11D3-BF4B-00C04F79EFBC}") = "Ex30", "Ex30\Ex30.csproj", "{05EA3FAC-5D5D-4903-B356-6BA5B0353665}"
EndProject
Project("{FAE04EC0-301F-11D3-BF4B-00C04F79EFBC}") = "Ex31", "Ex31\Ex31.csproj", "{EB25B42B-8FE2-4388-8B41-68615DDB8367}"
EndProject
Global
	GlobalSection(SolutionConfigurationPlatforms) = preSolution
		Debug|Any CPU = Debug|Any CPU
		Release|Any CPU = Release|Any CPU
	EndGlobalSection
	GlobalSection(ProjectConfigurationPlatforms) = postSolution
		{E6F8A689-5D64-47A1-A21C-BBEB59627A8C}.Debug|Any CPU.ActiveCfg = Debug|Any CPU
		{E6F8A689-5D64-47A1-A21C-BBEB59627A8C}.Debug|Any CPU.Build.0 = Debug|Any CPU
		{E6F8A689-5D64-47A1-A21C-BBEB59627A8C}.Release|Any CPU.ActiveCfg = Release|Any CPU
		{E6F8A689-5D64-47A1-A21C-BBEB59627A8C}.Release|Any CPU.Build.0 = Release|Any CPU
		{76FCC7D3-E9FA-4AC4-9ED3-1A51CC4984D0}.Debug|Any CPU.ActiveCfg = Debug|Any CPU
		{76FCC7D3-E9FA-4AC4-9ED3-1A51CC4984D0}.Debug|Any CPU.Build.0 = Debug|Any CPU
		{76FCC7D3-E9FA-4AC4-9ED3-1A51CC4984D0}.Release|Any CPU.ActiveCfg = Release|Any CPU
		{76FCC7D3-E9FA-4AC4-9ED3-1A51CC4984D0}.Release|Any CPU.Build.0 = Release|Any CPU
		{CC91CB67-47C2-410C-8D1F-F21A88A7C060}.Debug|Any CPU.ActiveCfg = Debug|Any CPU
		{CC91CB67-47C2-410C-8D1F-F21A88A7C060}.Debug|Any CPU.Build.0 = Debug|Any CPU
		{CC91CB67-47C2-410C-8D1F-F21A88A7C060}.Release|Any CPU.ActiveCfg = Release|Any CPU
		{CC91CB67-47C2-410C-8D1F-F21A88A7C060}.Release|Any CPU.Build.0 = Release|Any CPU
		{E8E07C27-E706-4265-B14E-692AACE2C1E2}.Debug|Any CPU.ActiveCfg = Debug|Any CPU
		{E8E07C27-E706-4265-B14E-692AACE2C1E2}.Debug|Any CPU.Build.0 = Debug|Any CPU
		{E8E07C27-E706-4265-B14E-692AACE2C1E2}.Release|Any CPU.ActiveCfg = Release|Any CPU
		{E8E07C27-E706-4265-B14E-692AACE2C1E2}.Release|Any CPU.Build.0 = Release|Any CPU
		{EDDE9F10-EDBE-4681-AD53-7884D4635299}.Debug|Any CPU.ActiveCfg = Debug|Any CPU
		{EDDE9F10-EDBE-4681-AD53-7884D4635299}.Debug|Any CPU.Build.0 = Debug|Any CPU
		{EDDE9F10-EDBE-4681-AD53-7884D4635299}.Release|Any CPU.ActiveCfg = Release|Any CPU
		{EDDE9F10-EDBE-4681-AD53-7884D4635299}.Release|Any CPU.Build.0 = Release|Any CPU
		{798190CC-CB05-4146-A850-5C03DD3242B2}.Debug|Any CPU.ActiveCfg = Debug|Any CPU
		{798190CC-CB05-4146-A850-5C03DD3242B2}.Debug|Any CPU.Build.0 = Debug|Any CPU
		{798190CC-CB05-4146-A850-5C03DD3242B2}.Release|Any CPU.ActiveCfg = Release|Any CPU
		{798190CC-CB05-4146-A850-5C03DD3242B2}.Release|Any CPU.Build.0 = Release|Any CPU
		{0200FBEF-E52D-49E2-AF24-44618222E48E}.Debug|Any CPU.ActiveCfg = Debug|Any CPU
		{0200FBEF-E52D-49E2-AF24-44618222E48E}.Debug|Any CPU.Build.0 = Debug|Any CPU
		{0200FBEF-E52D-49E2-AF24-44618222E48E}.Release|Any CPU.ActiveCfg = Release|Any CPU
		{0200FBEF-E52D-49E2-AF24-44618222E48E}.Release|Any CPU.Build.0 = Release|Any CPU
		{01294299-880F-4C8D-9DDF-8915648DC751}.Debug|Any CPU.ActiveCfg = Debug|Any CPU
		{01294299-880F-4C8D-9DDF-8915648DC751}.Debug|Any CPU.Build.0 = Debug|Any CPU
		{01294299-880F-4C8D-9DDF-8915648DC751}.Release|Any CPU.ActiveCfg = Release|Any CPU
		{01294299-880F-4C8D-9DDF-8915648DC751}.Release|Any CPU.Build.0 = Release|Any CPU
		{C422EBD6-42EF-49F9-AF41-7B390CA4E75D}.Debug|Any CPU.ActiveCfg = Debug|Any CPU
		{C422EBD6-42EF-49F9-AF41-7B390CA4E75D}.Debug|Any CPU.Build.0 = Debug|Any CPU
		{C422EBD6-42EF-49F9-AF41-7B390CA4E75D}.Release|Any CPU.ActiveCfg = Release|Any CPU
		{C422EBD6-42EF-49F9-AF41-7B390CA4E75D}.Release|Any CPU.Build.0 = Release|Any CPU
		{64832348-B2CB-41B7-91BD-C5674F872C5F}.Debug|Any CPU.ActiveCfg = Debug|Any CPU
		{64832348-B2CB-41B7-91BD-C5674F872C5F}.Debug|Any CPU.Build.0 = Debug|Any CPU
		{64832348-B2CB-41B7-91BD-C5674F872C5F}.Release|Any CPU.ActiveCfg = Release|Any CPU
		{64832348-B2CB-41B7-91BD-C5674F872C5F}.Release|Any CPU.Build.0 = Release|Any CPU
		{57A6C9B5-25BF-4F3F-B782-2DE697E51ECD}.Debug|Any CPU.ActiveCfg = Debug|Any CPU
		{57A6C9B5-25BF-4F3F-B782-2DE697E51ECD}.Debug|Any CPU.Build.0 = Debug|Any CPU
		{57A6C9B5-25BF-4F3F-B782-2DE697E51ECD}.Release|Any CPU.ActiveCfg = Release|Any CPU
		{57A6C9B5-25BF-4F3F-B782-2DE697E51ECD}.Release|Any CPU.Build.0 = Release|Any CPU
		{646E67EE-5480-4877-B558-E84F978FCB6A}.Debug|Any CPU.ActiveCfg = Debug|Any CPU
		{646E67EE-5480-4877-B558-E84F978FCB6A}.Debug|Any CPU.Build.0 = Debug|Any CPU
		{646E67EE-5480-4877-B558-E84F978FCB6A}.Release|Any CPU.ActiveCfg = Release|Any CPU
		{646E67EE-5480-4877-B558-E84F978FCB6A}.Release|Any CPU.Build.0 = Release|Any CPU
		{EA5E9CEC-5101-479E-98DD-3E3603DFFB8B}.Debug|Any CPU.ActiveCfg = Debug|Any CPU
		{EA5E9CEC-5101-479E-98DD-3E3603DFFB8B}.Debug|Any CPU.Build.0 = Debug|Any CPU
		{EA5E9CEC-5101-479E-98DD-3E3603DFFB8B}.Release|Any CPU.ActiveCfg = Release|Any CPU
		{EA5E9CEC-5101-479E-98DD-3E3603DFFB8B}.Release|Any CPU.Build.0 = Release|Any CPU
		{C4D1D93D-4C6C-42D5-9DE6-81490D15EC3D}.Debug|Any CPU.ActiveCfg = Debug|Any CPU
		{C4D1D93D-4C6C-42D5-9DE6-81490D15EC3D}.Debug|Any CPU.Build.0 = Debug|Any CPU
		{C4D1D93D-4C6C-42D5-9DE6-81490D15EC3D}.Release|Any CPU.ActiveCfg = Release|Any CPU
		{C4D1D93D-4C6C-42D5-9DE6-81490D15EC3D}.Release|Any CPU.Build.0 = Release|Any CPU
		{ED41CC28-1E13-4BC5-8542-EE3A33ACFD48}.Debug|Any CPU.ActiveCfg = Debug|Any CPU
		{ED41CC28-1E13-4BC5-8542-EE3A33ACFD48}.Debug|Any CPU.Build.0 = Debug|Any CPU
		{ED41CC28-1E13-4BC5-8542-EE3A33ACFD48}.Release|Any CPU.ActiveCfg = Release|Any CPU
		{ED41CC28-1E13-4BC5-8542-EE3A33ACFD48}.Release|Any CPU.Build.0 = Release|Any CPU
		{2493D331-FD64-4152-AC41-8F1BABA7D4ED}.Debug|Any CPU.ActiveCfg = Debug|Any CPU
		{2493D331-FD64-4152-AC41-8F1BABA7D4ED}.Debug|Any CPU.Build.0 = Debug|Any CPU
		{2493D331-FD64-4152-AC41-8F1BABA7D4ED}.Release|Any CPU.ActiveCfg = Release|Any CPU
		{2493D331-FD64-4152-AC41-8F1BABA7D4ED}.Release|Any CPU.Build.0 = Release|Any CPU
		{DC46AB59-619C-4CB7-B727-5D125FE74F99}.Debug|Any CPU.ActiveCfg = Debug|Any CPU
		{DC46AB59-619C-4CB7-B727-5D125FE74F99}.Debug|Any CPU.Build.0 = Debug|Any CPU
		{DC46AB59-619C-4CB7-B727-5D125FE74F99}.Release|Any CPU.ActiveCfg = Release|Any CPU
		{DC46AB59-619C-4CB7-B727-5D125FE74F99}.Release|Any CPU.Build.0 = Release|Any CPU
		{97B16331-ED12-415A-9552-EEB2C4DB684D}.Debug|Any CPU.ActiveCfg = Debug|Any CPU
		{97B16331-ED12-415A-9552-EEB2C4DB684D}.Debug|Any CPU.Build.0 = Debug|Any CPU
		{97B16331-ED12-415A-9552-EEB2C4DB684D}.Release|Any CPU.ActiveCfg = Release|Any CPU
		{97B16331-ED12-415A-9552-EEB2C4DB684D}.Release|Any CPU.Build.0 = Release|Any CPU
		{4618A9FD-B3D1-4FF0-A10F-DAF26B04EE86}.Debug|Any CPU.ActiveCfg = Debug|Any CPU
		{4618A9FD-B3D1-4FF0-A10F-DAF26B04EE86}.Debug|Any CPU.Build.0 = Debug|Any CPU
		{4618A9FD-B3D1-4FF0-A10F-DAF26B04EE86}.Release|Any CPU.ActiveCfg = Release|Any CPU
		{4618A9FD-B3D1-4FF0-A10F-DAF26B04EE86}.Release|Any CPU.Build.0 = Release|Any CPU
		{1CC7E779-B0A9-4BFE-9D86-4FEE402CAE65}.Debug|Any CPU.ActiveCfg = Debug|Any CPU
		{1CC7E779-B0A9-4BFE-9D86-4FEE402CAE65}.Debug|Any CPU.Build.0 = Debug|Any CPU
		{1CC7E779-B0A9-4BFE-9D86-4FEE402CAE65}.Release|Any CPU.ActiveCfg = Release|Any CPU
		{1CC7E779-B0A9-4BFE-9D86-4FEE402CAE65}.Release|Any CPU.Build.0 = Release|Any CPU
		{CBCC4C40-02A0-4A4A-A7CA-9B762CA281CA}.Debug|Any CPU.ActiveCfg = Debug|Any CPU
		{CBCC4C40-02A0-4A4A-A7CA-9B762CA281CA}.Debug|Any CPU.Build.0 = Debug|Any CPU
		{CBCC4C40-02A0-4A4A-A7CA-9B762CA281CA}.Release|Any CPU.ActiveCfg = Release|Any CPU
		{CBCC4C40-02A0-4A4A-A7CA-9B762CA281CA}.Release|Any CPU.Build.0 = Release|Any CPU
		{6DD4A0F4-5BCF-4B2E-A5B2-C15D618AF265}.Debug|Any CPU.ActiveCfg = Debug|Any CPU
		{6DD4A0F4-5BCF-4B2E-A5B2-C15D618AF265}.Debug|Any CPU.Build.0 = Debug|Any CPU
		{6DD4A0F4-5BCF-4B2E-A5B2-C15D618AF265}.Release|Any CPU.ActiveCfg = Release|Any CPU
		{6DD4A0F4-5BCF-4B2E-A5B2-C15D618AF265}.Release|Any CPU.Build.0 = Release|Any CPU
		{DB34D974-529E-485A-8B27-E2A0F760ABC3}.Debug|Any CPU.ActiveCfg = Debug|Any CPU
		{DB34D974-529E-485A-8B27-E2A0F760ABC3}.Debug|Any CPU.Build.0 = Debug|Any CPU
		{DB34D974-529E-485A-8B27-E2A0F760ABC3}.Release|Any CPU.ActiveCfg = Release|Any CPU
		{DB34D974-529E-485A-8B27-E2A0F760ABC3}.Release|Any CPU.Build.0 = Release|Any CPU
		{06489476-34C5-4DE0-B862-FBCD3D9C84BC}.Debug|Any CPU.ActiveCfg = Debug|Any CPU
		{06489476-34C5-4DE0-B862-FBCD3D9C84BC}.Debug|Any CPU.Build.0 = Debug|Any CPU
		{06489476-34C5-4DE0-B862-FBCD3D9C84BC}.Release|Any CPU.ActiveCfg = Release|Any CPU
		{06489476-34C5-4DE0-B862-FBCD3D9C84BC}.Release|Any CPU.Build.0 = Release|Any CPU
		{30B4B668-E7BB-4552-9CDA-49D02AEF561F}.Debug|Any CPU.ActiveCfg = Debug|Any CPU
		{30B4B668-E7BB-4552-9CDA-49D02AEF561F}.Debug|Any CPU.Build.0 = Debug|Any CPU
		{30B4B668-E7BB-4552-9CDA-49D02AEF561F}.Release|Any CPU.ActiveCfg = Release|Any CPU
		{30B4B668-E7BB-4552-9CDA-49D02AEF561F}.Release|Any CPU.Build.0 = Release|Any CPU
		{907F8F18-6248-4216-B991-E9A4842A4BBB}.Debug|Any CPU.ActiveCfg = Debug|Any CPU
		{907F8F18-6248-4216-B991-E9A4842A4BBB}.Debug|Any CPU.Build.0 = Debug|Any CPU
		{907F8F18-6248-4216-B991-E9A4842A4BBB}.Release|Any CPU.ActiveCfg = Release|Any CPU
		{907F8F18-6248-4216-B991-E9A4842A4BBB}.Release|Any CPU.Build.0 = Release|Any CPU
		{8B3E8C49-D91F-4C38-8BFD-B673DA6112BE}.Debug|Any CPU.ActiveCfg = Debug|Any CPU
		{8B3E8C49-D91F-4C38-8BFD-B673DA6112BE}.Debug|Any CPU.Build.0 = Debug|Any CPU
		{8B3E8C49-D91F-4C38-8BFD-B673DA6112BE}.Release|Any CPU.ActiveCfg = Release|Any CPU
		{8B3E8C49-D91F-4C38-8BFD-B673DA6112BE}.Release|Any CPU.Build.0 = Release|Any CPU
		{DD6BE902-91D2-4B6C-89B8-9A4F942556DE}.Debug|Any CPU.ActiveCfg = Debug|Any CPU
		{DD6BE902-91D2-4B6C-89B8-9A4F942556DE}.Debug|Any CPU.Build.0 = Debug|Any CPU
		{DD6BE902-91D2-4B6C-89B8-9A4F942556DE}.Release|Any CPU.ActiveCfg = Release|Any CPU
		{DD6BE902-91D2-4B6C-89B8-9A4F942556DE}.Release|Any CPU.Build.0 = Release|Any CPU
		{49F26BB8-5AB9-4DDB-8088-145F91ADB60D}.Debug|Any CPU.ActiveCfg = Debug|Any CPU
		{49F26BB8-5AB9-4DDB-8088-145F91ADB60D}.Debug|Any CPU.Build.0 = Debug|Any CPU
		{49F26BB8-5AB9-4DDB-8088-145F91ADB60D}.Release|Any CPU.ActiveCfg = Release|Any CPU
		{49F26BB8-5AB9-4DDB-8088-145F91ADB60D}.Release|Any CPU.Build.0 = Release|Any CPU
		{2AE68FF4-AA33-42DE-8693-69798D59AD4B}.Debug|Any CPU.ActiveCfg = Debug|Any CPU
		{2AE68FF4-AA33-42DE-8693-69798D59AD4B}.Debug|Any CPU.Build.0 = Debug|Any CPU
		{2AE68FF4-AA33-42DE-8693-69798D59AD4B}.Release|Any CPU.ActiveCfg = Release|Any CPU
		{2AE68FF4-AA33-42DE-8693-69798D59AD4B}.Release|Any CPU.Build.0 = Release|Any CPU
		{05EA3FAC-5D5D-4903-B356-6BA5B0353665}.Debug|Any CPU.ActiveCfg = Debug|Any CPU
		{05EA3FAC-5D5D-4903-B356-6BA5B0353665}.Debug|Any CPU.Build.0 = Debug|Any CPU
		{05EA3FAC-5D5D-4903-B356-6BA5B0353665}.Release|Any CPU.ActiveCfg = Release|Any CPU
		{05EA3FAC-5D5D-4903-B356-6BA5B0353665}.Release|Any CPU.Build.0 = Release|Any CPU
		{EB25B42B-8FE2-4388-8B41-68615DDB8367}.Debug|Any CPU.ActiveCfg = Debug|Any CPU
		{EB25B42B-8FE2-4388-8B41-68615DDB8367}.Debug|Any CPU.Build.0 = Debug|Any CPU
		{EB25B42B-8FE2-4388-8B41-68615DDB8367}.Release|Any CPU.ActiveCfg = Release|Any CPU
		{EB25B42B-8FE2-4388-8B41-68615DDB8367}.Release|Any CPU.Build.0 = Release|Any CPU
	EndGlobalSection
	GlobalSection(SolutionProperties) = preSolution
		HideSolutionNode = FALSE
	EndGlobalSection
	GlobalSection(ExtensibilityGlobals) = postSolution
		SolutionGuid = {C82DC90E-B444-437C-A157-8A15F584C840}
	EndGlobalSection
EndGlobal
